{
  "version": 4,
  "terraform_version": "1.13.4",
  "serial": 284,
  "lineage": "b15da08a-37df-2aa5-fc3a-0d67d95b7650",
  "outputs": {
    "aws_account_id": {
      "value": "197710836519",
      "type": "string"
    },
    "ec2_public_ip": {
      "value": "51.20.115.68",
      "type": "string"
    },
    "private_key_location": {
      "value": "./grocerymate-v2-key.pem",
      "type": "string"
    }
  },
  "resources": [
    {
      "mode": "data",
      "type": "aws_ami",
      "name": "amazon_linux",
      "provider": "provider[\"registry.terraform.io/hashicorp/aws\"]",
      "instances": [
        {
          "schema_version": 0,
          "attributes": {
            "allow_unsafe_filter": null,
            "architecture": "x86_64",
            "arn": "arn:aws:ec2:eu-north-1::image/ami-064703c4bf3f2e142",
            "block_device_mappings": [
              {
                "device_name": "/dev/xvda",
                "ebs": {
                  "delete_on_termination": "true",
                  "encrypted": "false",
                  "iops": "0",
                  "snapshot_id": "snap-044529ad4feef0f95",
                  "throughput": "0",
                  "volume_initialization_rate": "0",
                  "volume_size": "8",
                  "volume_type": "gp2"
                },
                "no_device": "",
                "virtual_name": ""
              }
            ],
            "boot_mode": "",
            "creation_date": "2025-10-24T17:50:15.000Z",
            "deprecation_time": "2026-01-22T00:00:00.000Z",
            "description": "Amazon Linux 2 AMI 2.0.20251027.1 x86_64 HVM gp2",
            "ena_support": true,
            "executable_users": null,
            "filter": [
              {
                "name": "name",
                "values": [
                  "amzn2-ami-hvm-*-x86_64-gp2"
                ]
              }
            ],
            "hypervisor": "xen",
            "id": "ami-064703c4bf3f2e142",
            "image_id": "ami-064703c4bf3f2e142",
            "image_location": "amazon/amzn2-ami-hvm-2.0.20251027.1-x86_64-gp2",
            "image_owner_alias": "amazon",
            "image_type": "machine",
            "imds_support": "",
            "include_deprecated": false,
            "kernel_id": "",
            "last_launched_time": "",
            "most_recent": true,
            "name": "amzn2-ami-hvm-2.0.20251027.1-x86_64-gp2",
            "name_regex": null,
            "owner_id": "137112412989",
            "owners": [
              "amazon"
            ],
            "platform": "",
            "platform_details": "Linux/UNIX",
            "product_codes": [],
            "public": true,
            "ramdisk_id": "",
            "region": "eu-north-1",
            "root_device_name": "/dev/xvda",
            "root_device_type": "ebs",
            "root_snapshot_id": "snap-044529ad4feef0f95",
            "sriov_net_support": "simple",
            "state": "available",
            "state_reason": {
              "code": "UNSET",
              "message": "UNSET"
            },
            "tags": {},
            "timeouts": null,
            "tpm_support": "",
            "uefi_data": null,
            "usage_operation": "RunInstances",
            "virtualization_type": "hvm"
          },
          "sensitive_attributes": [],
          "identity_schema_version": 0
        }
      ]
    },
    {
      "mode": "data",
      "type": "aws_caller_identity",
      "name": "current",
      "provider": "provider[\"registry.terraform.io/hashicorp/aws\"]",
      "instances": [
        {
          "schema_version": 0,
          "attributes": {
            "account_id": "197710836519",
            "arn": "arn:aws:sts::197710836519:assumed-role/AWSReservedSSO_AdministratorAccess_7f3474005899ac5f/MisaelToxcatlHernandezRomero",
            "id": "197710836519",
            "user_id": "AROAS4CD36MT4HH6WYQYC:MisaelToxcatlHernandezRomero"
          },
          "sensitive_attributes": [],
          "identity_schema_version": 0
        }
      ]
    },
    {
      "mode": "managed",
      "type": "aws_db_instance",
      "name": "grocerymate_rds",
      "provider": "provider[\"registry.terraform.io/hashicorp/aws\"]",
      "instances": [
        {
          "schema_version": 2,
          "attributes": {
            "address": "grocerymate-db-4e0a.cfw6csu2snfc.eu-north-1.rds.amazonaws.com",
            "allocated_storage": 20,
            "allow_major_version_upgrade": null,
            "apply_immediately": false,
            "arn": "arn:aws:rds:eu-north-1:197710836519:db:grocerymate-db-4e0a",
            "auto_minor_version_upgrade": true,
            "availability_zone": "eu-north-1a",
            "backup_retention_period": 1,
            "backup_target": "region",
            "backup_window": "01:50-02:20",
            "blue_green_update": [],
            "ca_cert_identifier": "rds-ca-rsa2048-g1",
            "character_set_name": "",
            "copy_tags_to_snapshot": false,
            "custom_iam_instance_profile": "",
            "customer_owned_ip_enabled": false,
            "database_insights_mode": "standard",
            "db_name": "grocerymate_db",
            "db_subnet_group_name": "grocerymate-v2-db-subnet-group",
            "dedicated_log_volume": false,
            "delete_automated_backups": true,
            "deletion_protection": false,
            "domain": "",
            "domain_auth_secret_arn": "",
            "domain_dns_ips": null,
            "domain_fqdn": "",
            "domain_iam_role_name": "",
            "domain_ou": "",
            "enabled_cloudwatch_logs_exports": null,
            "endpoint": "grocerymate-db-4e0a.cfw6csu2snfc.eu-north-1.rds.amazonaws.com:5432",
            "engine": "postgres",
            "engine_lifecycle_support": "open-source-rds-extended-support",
            "engine_version": "17.6",
            "engine_version_actual": "17.6",
            "final_snapshot_identifier": null,
            "hosted_zone_id": "Z3MPDEQW7KHUGY",
            "iam_database_authentication_enabled": false,
            "id": "db-OELQYY2QVTUMVM6CGQSR4WEDZI",
            "identifier": "grocerymate-db-4e0a",
            "identifier_prefix": "",
            "instance_class": "db.t3.micro",
            "iops": 0,
            "kms_key_id": "",
            "latest_restorable_time": "2025-10-31T14:27:30Z",
            "license_model": "postgresql-license",
            "listener_endpoint": [],
            "maintenance_window": "mon:04:38-mon:05:08",
            "manage_master_user_password": null,
            "master_user_secret": [],
            "master_user_secret_kms_key_id": null,
            "max_allocated_storage": 0,
            "monitoring_interval": 0,
            "monitoring_role_arn": "",
            "multi_az": false,
            "nchar_character_set_name": "",
            "network_type": "IPV4",
            "option_group_name": "default:postgres-17",
            "parameter_group_name": "default.postgres17",
            "password": "proyectofinal1234abcd",
            "password_wo": null,
            "password_wo_version": null,
            "performance_insights_enabled": false,
            "performance_insights_kms_key_id": "",
            "performance_insights_retention_period": 0,
            "port": 5432,
            "publicly_accessible": false,
            "region": "eu-north-1",
            "replica_mode": "",
            "replicas": [],
            "replicate_source_db": "",
            "resource_id": "db-OELQYY2QVTUMVM6CGQSR4WEDZI",
            "restore_to_point_in_time": [],
            "s3_import": [],
            "skip_final_snapshot": true,
            "snapshot_identifier": null,
            "status": "available",
            "storage_encrypted": false,
            "storage_throughput": 0,
            "storage_type": "gp2",
            "tags": {
              "Environment": "dev",
              "Name": "grocerymate-v2-rds"
            },
            "tags_all": {
              "Environment": "dev",
              "ManagedBy": "terraform",
              "Name": "grocerymate-v2-rds",
              "Project": "terraform-webapp"
            },
            "timeouts": null,
            "timezone": "",
            "upgrade_storage_config": null,
            "username": "grocery_user",
            "vpc_security_group_ids": [
              "sg-05cf6dd1de37333ad"
            ]
          },
          "sensitive_attributes": [
            [
              {
                "type": "get_attr",
                "value": "password"
              }
            ],
            [
              {
                "type": "get_attr",
                "value": "password_wo"
              }
            ]
          ],
          "identity_schema_version": 0,
          "private": "eyJlMmJmYjczMC1lY2FhLTExZTYtOGY4OC0zNDM2M2JjN2M0YzAiOnsiY3JlYXRlIjozMDAwMDAwMDAwMDAwLCJkZWxldGUiOjM2MDAwMDAwMDAwMDAsInVwZGF0ZSI6NDgwMDAwMDAwMDAwMH0sInNjaGVtYV92ZXJzaW9uIjoiMiJ9",
          "dependencies": [
            "aws_db_subnet_group.grocerymate_subnets",
            "aws_security_group.db_sg",
            "aws_security_group.web_sg",
            "aws_subnet.private_a",
            "aws_subnet.private_b",
            "aws_vpc.main",
            "random_id.rds_suffix"
          ]
        }
      ]
    },
    {
      "mode": "managed",
      "type": "aws_db_subnet_group",
      "name": "grocerymate_subnets",
      "provider": "provider[\"registry.terraform.io/hashicorp/aws\"]",
      "instances": [
        {
          "schema_version": 0,
          "attributes": {
            "arn": "arn:aws:rds:eu-north-1:197710836519:subgrp:grocerymate-v2-db-subnet-group",
            "description": "Managed by Terraform",
            "id": "grocerymate-v2-db-subnet-group",
            "name": "grocerymate-v2-db-subnet-group",
            "name_prefix": "",
            "region": "eu-north-1",
            "subnet_ids": [
              "subnet-01a54a094aecdb89a",
              "subnet-0671349f9fea57664"
            ],
            "supported_network_types": [
              "IPV4"
            ],
            "tags": {
              "Name": "grocerymate-v2-db-subnet-group"
            },
            "tags_all": {
              "Environment": "dev",
              "ManagedBy": "terraform",
              "Name": "grocerymate-v2-db-subnet-group",
              "Project": "terraform-webapp"
            },
            "vpc_id": "vpc-066c111f20a745baf"
          },
          "sensitive_attributes": [],
          "identity_schema_version": 0,
          "private": "bnVsbA==",
          "dependencies": [
            "aws_subnet.private_a",
            "aws_subnet.private_b",
            "aws_vpc.main"
          ]
        }
      ]
    },
    {
      "mode": "managed",
      "type": "aws_instance",
      "name": "web",
      "provider": "provider[\"registry.terraform.io/hashicorp/aws\"]",
      "instances": [
        {
          "schema_version": 2,
          "attributes": {
            "ami": "ami-064703c4bf3f2e142",
            "arn": "arn:aws:ec2:eu-north-1:197710836519:instance/i-05e550dde3c682070",
            "associate_public_ip_address": true,
            "availability_zone": "eu-north-1a",
            "capacity_reservation_specification": [
              {
                "capacity_reservation_preference": "open",
                "capacity_reservation_target": []
              }
            ],
            "cpu_options": [
              {
                "amd_sev_snp": "",
                "core_count": 1,
                "threads_per_core": 2
              }
            ],
            "credit_specification": [
              {
                "cpu_credits": "unlimited"
              }
            ],
            "disable_api_stop": false,
            "disable_api_termination": false,
            "ebs_block_device": [],
            "ebs_optimized": false,
            "enable_primary_ipv6": null,
            "enclave_options": [
              {
                "enabled": false
              }
            ],
            "ephemeral_block_device": [],
            "force_destroy": false,
            "get_password_data": false,
            "hibernation": false,
            "host_id": "",
            "host_resource_group_arn": null,
            "iam_instance_profile": "",
            "id": "i-05e550dde3c682070",
            "instance_initiated_shutdown_behavior": "stop",
            "instance_lifecycle": "",
            "instance_market_options": [],
            "instance_state": "running",
            "instance_type": "t3.micro",
            "ipv6_address_count": 0,
            "ipv6_addresses": [],
            "key_name": "grocerymate-v2-key",
            "launch_template": [],
            "maintenance_options": [
              {
                "auto_recovery": "default"
              }
            ],
            "metadata_options": [
              {
                "http_endpoint": "enabled",
                "http_protocol_ipv6": "disabled",
                "http_put_response_hop_limit": 1,
                "http_tokens": "optional",
                "instance_metadata_tags": "disabled"
              }
            ],
            "monitoring": false,
            "network_interface": [],
            "outpost_arn": "",
            "password_data": "",
            "placement_group": "",
            "placement_group_id": "",
            "placement_partition_number": 0,
            "primary_network_interface": [
              {
                "delete_on_termination": true,
                "network_interface_id": "eni-021054d3f14362eb3"
              }
            ],
            "primary_network_interface_id": "eni-021054d3f14362eb3",
            "private_dns": "ip-10-0-1-166.eu-north-1.compute.internal",
            "private_dns_name_options": [
              {
                "enable_resource_name_dns_a_record": false,
                "enable_resource_name_dns_aaaa_record": false,
                "hostname_type": "ip-name"
              }
            ],
            "private_ip": "10.0.1.166",
            "public_dns": "",
            "public_ip": "51.20.115.68",
            "region": "eu-north-1",
            "root_block_device": [
              {
                "delete_on_termination": true,
                "device_name": "/dev/xvda",
                "encrypted": false,
                "iops": 100,
                "kms_key_id": "",
                "tags": {
                  "Environment": "dev",
                  "ManagedBy": "terraform",
                  "Project": "terraform-webapp"
                },
                "tags_all": {
                  "Environment": "dev",
                  "ManagedBy": "terraform",
                  "Project": "terraform-webapp"
                },
                "throughput": 0,
                "volume_id": "vol-074fd7952797db0e2",
                "volume_size": 8,
                "volume_type": "gp2"
              }
            ],
            "secondary_private_ips": [],
            "security_groups": [],
            "source_dest_check": true,
            "spot_instance_request_id": "",
            "subnet_id": "subnet-0e6558a0463b1a577",
            "tags": {
              "Name": "grocerymate-v2-ec2"
            },
            "tags_all": {
              "Environment": "dev",
              "ManagedBy": "terraform",
              "Name": "grocerymate-v2-ec2",
              "Project": "terraform-webapp"
            },
            "tenancy": "default",
            "timeouts": null,
            "user_data": "#!/bin/bash\nset -e\n\n# Update system packages\nyum update -y\n\n# Install dependencies\nyum groupinstall -y \"Development Tools\"\nyum install -y gcc openssl-devel bzip2-devel libffi-devel zlib-devel wget make git\n\n# Install Python 3.9 from source\ncd /usr/src\nwget https://www.python.org/ftp/python/3.9.18/Python-3.9.18.tgz\ntar xzf Python-3.9.18.tgz\ncd Python-3.9.18\n./configure --enable-optimizations\nmake altinstall\n\n# Verify installation\npython3.9 --version\n\n# Clone your project repository\ncd /home/ec2-user\ngit clone https://github.com/YOUR_GITHUB_USERNAME/AWS_grocery_v2.git\ncd AWS_grocery_v2/backend\n\n# Fix permissions\nchown -R ec2-user:ec2-user /home/ec2-user/AWS_grocery_v2\n\n# Create and activate a virtual environment\npython3.9 -m venv venv\nsource venv/bin/activate\n\n# Install project dependencies\npip install --upgrade pip\npip install -r requirements.txt\n\n# Run the application (adjust as needed)\nnohup python3.9 run.py \u003e app.log 2\u003e\u00261 \u0026\n",
            "user_data_base64": null,
            "user_data_replace_on_change": false,
            "volume_tags": null,
            "vpc_security_group_ids": [
              "sg-03588d423ac150bf6"
            ]
          },
          "sensitive_attributes": [
            [
              {
                "type": "get_attr",
                "value": "user_data"
              }
            ]
          ],
          "identity_schema_version": 0,
          "identity": {
            "account_id": "197710836519",
            "id": "i-05e550dde3c682070",
            "region": "eu-north-1"
          },
          "private": "eyJlMmJmYjczMC1lY2FhLTExZTYtOGY4OC0zNDM2M2JjN2M0YzAiOnsiY3JlYXRlIjo2MDAwMDAwMDAwMDAsImRlbGV0ZSI6MTIwMDAwMDAwMDAwMCwicmVhZCI6OTAwMDAwMDAwMDAwLCJ1cGRhdGUiOjYwMDAwMDAwMDAwMH0sInNjaGVtYV92ZXJzaW9uIjoiMiJ9",
          "dependencies": [
            "aws_db_instance.grocerymate_rds",
            "aws_db_subnet_group.grocerymate_subnets",
            "aws_key_pair.main",
            "aws_security_group.db_sg",
            "aws_security_group.web_sg",
            "aws_subnet.private_a",
            "aws_subnet.private_b",
            "aws_subnet.public",
            "aws_vpc.main",
            "data.aws_ami.amazon_linux",
            "random_id.rds_suffix",
            "tls_private_key.ssh_key"
          ]
        }
      ]
    },
    {
      "mode": "managed",
      "type": "aws_internet_gateway",
      "name": "gw",
      "provider": "provider[\"registry.terraform.io/hashicorp/aws\"]",
      "instances": [
        {
          "schema_version": 0,
          "attributes": {
            "arn": "arn:aws:ec2:eu-north-1:197710836519:internet-gateway/igw-05d3f8e435a0cd40b",
            "id": "igw-05d3f8e435a0cd40b",
            "owner_id": "197710836519",
            "region": "eu-north-1",
            "tags": {
              "Name": "grocerymate-v2-igw"
            },
            "tags_all": {
              "Environment": "dev",
              "ManagedBy": "terraform",
              "Name": "grocerymate-v2-igw",
              "Project": "terraform-webapp"
            },
            "timeouts": null,
            "vpc_id": "vpc-066c111f20a745baf"
          },
          "sensitive_attributes": [],
          "identity_schema_version": 0,
          "private": "eyJlMmJmYjczMC1lY2FhLTExZTYtOGY4OC0zNDM2M2JjN2M0YzAiOnsiY3JlYXRlIjoxMjAwMDAwMDAwMDAwLCJkZWxldGUiOjEyMDAwMDAwMDAwMDAsInVwZGF0ZSI6MTIwMDAwMDAwMDAwMH19",
          "dependencies": [
            "aws_vpc.main"
          ]
        }
      ]
    },
    {
      "mode": "managed",
      "type": "aws_key_pair",
      "name": "main",
      "provider": "provider[\"registry.terraform.io/hashicorp/aws\"]",
      "instances": [
        {
          "schema_version": 1,
          "attributes": {
            "arn": "arn:aws:ec2:eu-north-1:197710836519:key-pair/grocerymate-v2-key",
            "fingerprint": "5e:36:50:ea:74:5a:8e:3e:75:3f:e7:60:6c:d2:9d:bd",
            "id": "grocerymate-v2-key",
            "key_name": "grocerymate-v2-key",
            "key_name_prefix": "",
            "key_pair_id": "key-039c7cc575fe1e605",
            "key_type": "rsa",
            "public_key": "ssh-rsa AAAAB3NzaC1yc2EAAAADAQABAAACAQDkWWkfLBAJC8QZpv+9+189Wj3iYKRST3QChU078oG3MUYWGTjXezMdxPaD6TVhlrnRycaInS3UO1Mvk45YkgJAMas76avgxiqWvQI+f/0m/PWevt4THG8dd3rPWXnzsk5hnUtHr/mvFm8MhTx/+5QQ41eIU8IFUvEvNdDf7sCZoADf85HqE7UlYoaFmgJlWJG/oQOl/cdaMy/N+VK5DGAr7kwV4VcXIGwY6GYVu8UZtbhjQAC5zzZdHT42yFTNRwG1Asp3Sb9l08MLTGCCzoWXUPV2QrI/Ha9Wf8V6maSuEv3mYU8j4QWcrbh3jex7wkkzoscXFO5q6F3heNGIjfDwqABvyqTn2gsq+B4x+XLSOE+CyBECSoqBayquohJjCSinv3FX2zb4tw02CQKd1DGOjam6JNJA2u8iGwWOgnaA/AjwQofu+z57V5rzVoUBAyzV1MdZS1s10Rfg+EyZf9eg6/R12n9D5rkDAD19lGwabb+h2xDJ/zpleaQ5R4U8u70h06X0+E8b15d4fEGSBc+BuW4MMkc7+2ZN7MPPmFQUU4wWd2up5bGgEEYsJek6MtgSPK1+TACSPXlNRmjb7+wpFEN+gH7n5i3zTuV5fNSN5R78q+rqTuKr1S37ysStPXWJmjR0Ezqa9+cHHoF6oUHjIVPndo3ekAPWgXlqCeWu9w==",
            "region": "eu-north-1",
            "tags": null,
            "tags_all": {
              "Environment": "dev",
              "ManagedBy": "terraform",
              "Project": "terraform-webapp"
            }
          },
          "sensitive_attributes": [],
          "identity_schema_version": 0,
          "private": "eyJzY2hlbWFfdmVyc2lvbiI6IjEifQ==",
          "dependencies": [
            "tls_private_key.ssh_key"
          ]
        }
      ]
    },
    {
      "mode": "managed",
      "type": "aws_route_table",
      "name": "public",
      "provider": "provider[\"registry.terraform.io/hashicorp/aws\"]",
      "instances": [
        {
          "schema_version": 0,
          "attributes": {
            "arn": "arn:aws:ec2:eu-north-1:197710836519:route-table/rtb-05f7cf18e72f8fdad",
            "id": "rtb-05f7cf18e72f8fdad",
            "owner_id": "197710836519",
            "propagating_vgws": [],
            "region": "eu-north-1",
            "route": [
              {
                "carrier_gateway_id": "",
                "cidr_block": "0.0.0.0/0",
                "core_network_arn": "",
                "destination_prefix_list_id": "",
                "egress_only_gateway_id": "",
                "gateway_id": "igw-05d3f8e435a0cd40b",
                "ipv6_cidr_block": "",
                "local_gateway_id": "",
                "nat_gateway_id": "",
                "network_interface_id": "",
                "transit_gateway_id": "",
                "vpc_endpoint_id": "",
                "vpc_peering_connection_id": ""
              }
            ],
            "tags": {
              "Name": "grocerymate-v2-rt-public"
            },
            "tags_all": {
              "Environment": "dev",
              "ManagedBy": "terraform",
              "Name": "grocerymate-v2-rt-public",
              "Project": "terraform-webapp"
            },
            "timeouts": null,
            "vpc_id": "vpc-066c111f20a745baf"
          },
          "sensitive_attributes": [],
          "identity_schema_version": 0,
          "identity": {
            "account_id": "197710836519",
            "id": "rtb-05f7cf18e72f8fdad",
            "region": "eu-north-1"
          },
          "private": "eyJlMmJmYjczMC1lY2FhLTExZTYtOGY4OC0zNDM2M2JjN2M0YzAiOnsiY3JlYXRlIjozMDAwMDAwMDAwMDAsImRlbGV0ZSI6MzAwMDAwMDAwMDAwLCJ1cGRhdGUiOjEyMDAwMDAwMDAwMH19",
          "dependencies": [
            "aws_internet_gateway.gw",
            "aws_vpc.main"
          ]
        }
      ]
    },
    {
      "mode": "managed",
      "type": "aws_route_table_association",
      "name": "public_assoc",
      "provider": "provider[\"registry.terraform.io/hashicorp/aws\"]",
      "instances": [
        {
          "schema_version": 0,
          "attributes": {
            "gateway_id": "",
            "id": "rtbassoc-0dcbb7966f22c5349",
            "region": "eu-north-1",
            "route_table_id": "rtb-05f7cf18e72f8fdad",
            "subnet_id": "subnet-0e6558a0463b1a577",
            "timeouts": null
          },
          "sensitive_attributes": [],
          "identity_schema_version": 0,
          "private": "eyJlMmJmYjczMC1lY2FhLTExZTYtOGY4OC0zNDM2M2JjN2M0YzAiOnsiY3JlYXRlIjozMDAwMDAwMDAwMDAsImRlbGV0ZSI6MzAwMDAwMDAwMDAwLCJ1cGRhdGUiOjEyMDAwMDAwMDAwMH19",
          "dependencies": [
            "aws_internet_gateway.gw",
            "aws_route_table.public",
            "aws_subnet.public",
            "aws_vpc.main"
          ]
        }
      ]
    },
    {
      "mode": "managed",
      "type": "aws_s3_bucket",
      "name": "grocerymate_bucket",
      "provider": "provider[\"registry.terraform.io/hashicorp/aws\"]",
      "instances": [
        {
          "schema_version": 0,
          "attributes": {
            "acceleration_status": "",
            "acl": null,
            "arn": "arn:aws:s3:::grocerymate-v2-bucket-8fdf",
            "bucket": "grocerymate-v2-bucket-8fdf",
            "bucket_domain_name": "grocerymate-v2-bucket-8fdf.s3.amazonaws.com",
            "bucket_prefix": "",
            "bucket_region": "eu-north-1",
            "bucket_regional_domain_name": "grocerymate-v2-bucket-8fdf.s3.eu-north-1.amazonaws.com",
            "cors_rule": [],
            "force_destroy": false,
            "grant": [
              {
                "id": "eb9b4447368e2a1559452808983cb8425cc39b0ca01ac588c5d014b2e6a32a31",
                "permissions": [
                  "FULL_CONTROL"
                ],
                "type": "CanonicalUser",
                "uri": ""
              }
            ],
            "hosted_zone_id": "Z3BAZG2TWCNX0D",
            "id": "grocerymate-v2-bucket-8fdf",
            "lifecycle_rule": [],
            "logging": [],
            "object_lock_configuration": [],
            "object_lock_enabled": false,
            "policy": "",
            "region": "eu-north-1",
            "replication_configuration": [],
            "request_payer": "BucketOwner",
            "server_side_encryption_configuration": [
              {
                "rule": [
                  {
                    "apply_server_side_encryption_by_default": [
                      {
                        "kms_master_key_id": "",
                        "sse_algorithm": "AES256"
                      }
                    ],
                    "bucket_key_enabled": false
                  }
                ]
              }
            ],
            "tags": {
              "Environment": "dev",
              "Name": "grocerymate-v2-bucket"
            },
            "tags_all": {
              "Environment": "dev",
              "ManagedBy": "terraform",
              "Name": "grocerymate-v2-bucket",
              "Project": "terraform-webapp"
            },
            "timeouts": null,
            "versioning": [
              {
                "enabled": false,
                "mfa_delete": false
              }
            ],
            "website": [],
            "website_domain": null,
            "website_endpoint": null
          },
          "sensitive_attributes": [],
          "identity_schema_version": 0,
          "identity": {
            "account_id": "197710836519",
            "bucket": "grocerymate-v2-bucket-8fdf",
            "region": "eu-north-1"
          },
          "private": "eyJlMmJmYjczMC1lY2FhLTExZTYtOGY4OC0zNDM2M2JjN2M0YzAiOnsiY3JlYXRlIjoxMjAwMDAwMDAwMDAwLCJkZWxldGUiOjM2MDAwMDAwMDAwMDAsInJlYWQiOjEyMDAwMDAwMDAwMDAsInVwZGF0ZSI6MTIwMDAwMDAwMDAwMH19",
          "dependencies": [
            "random_id.bucket_suffix"
          ]
        }
      ]
    },
    {
      "mode": "managed",
      "type": "aws_s3_bucket_ownership_controls",
      "name": "ownership",
      "provider": "provider[\"registry.terraform.io/hashicorp/aws\"]",
      "instances": [
        {
          "schema_version": 0,
          "attributes": {
            "bucket": "grocerymate-v2-bucket-8fdf",
            "id": "grocerymate-v2-bucket-8fdf",
            "region": "eu-north-1",
            "rule": [
              {
                "object_ownership": "BucketOwnerPreferred"
              }
            ]
          },
          "sensitive_attributes": [],
          "identity_schema_version": 0,
          "identity": {
            "account_id": "197710836519",
            "bucket": "grocerymate-v2-bucket-8fdf",
            "region": "eu-north-1"
          },
          "private": "bnVsbA==",
          "dependencies": [
            "aws_s3_bucket.grocerymate_bucket",
            "random_id.bucket_suffix"
          ]
        }
      ]
    },
    {
      "mode": "managed",
      "type": "aws_s3_bucket_public_access_block",
      "name": "bucket_access",
      "provider": "provider[\"registry.terraform.io/hashicorp/aws\"]",
      "instances": [
        {
          "schema_version": 0,
          "attributes": {
            "block_public_acls": false,
            "block_public_policy": false,
            "bucket": "grocerymate-v2-bucket-8fdf",
            "id": "grocerymate-v2-bucket-8fdf",
            "ignore_public_acls": false,
            "region": "eu-north-1",
            "restrict_public_buckets": false,
            "skip_destroy": null
          },
          "sensitive_attributes": [],
          "identity_schema_version": 0,
          "identity": {
            "account_id": "197710836519",
            "bucket": "grocerymate-v2-bucket-8fdf",
            "region": "eu-north-1"
          },
          "private": "bnVsbA==",
          "dependencies": [
            "aws_s3_bucket.grocerymate_bucket",
            "random_id.bucket_suffix"
          ]
        }
      ]
    },
    {
      "mode": "managed",
      "type": "aws_security_group",
      "name": "db_sg",
      "provider": "provider[\"registry.terraform.io/hashicorp/aws\"]",
      "instances": [
        {
          "schema_version": 1,
          "attributes": {
            "arn": "arn:aws:ec2:eu-north-1:197710836519:security-group/sg-05cf6dd1de37333ad",
            "description": "Allow PostgreSQL traffic from EC2",
            "egress": [
              {
                "cidr_blocks": [
                  "0.0.0.0/0"
                ],
                "description": "",
                "from_port": 0,
                "ipv6_cidr_blocks": [],
                "prefix_list_ids": [],
                "protocol": "-1",
                "security_groups": [],
                "self": false,
                "to_port": 0
              }
            ],
            "id": "sg-05cf6dd1de37333ad",
            "ingress": [
              {
                "cidr_blocks": [],
                "description": "PostgreSQL from EC2 SG",
                "from_port": 5432,
                "ipv6_cidr_blocks": [],
                "prefix_list_ids": [],
                "protocol": "tcp",
                "security_groups": [
                  "sg-03588d423ac150bf6"
                ],
                "self": false,
                "to_port": 5432
              }
            ],
            "name": "grocerymate-v2-db-sg",
            "name_prefix": "",
            "owner_id": "197710836519",
            "region": "eu-north-1",
            "revoke_rules_on_delete": false,
            "tags": {
              "Name": "grocerymate-v2-db-sg"
            },
            "tags_all": {
              "Environment": "dev",
              "ManagedBy": "terraform",
              "Name": "grocerymate-v2-db-sg",
              "Project": "terraform-webapp"
            },
            "timeouts": null,
            "vpc_id": "vpc-066c111f20a745baf"
          },
          "sensitive_attributes": [],
          "identity_schema_version": 0,
          "identity": {
            "account_id": "197710836519",
            "id": "sg-05cf6dd1de37333ad",
            "region": "eu-north-1"
          },
          "private": "eyJlMmJmYjczMC1lY2FhLTExZTYtOGY4OC0zNDM2M2JjN2M0YzAiOnsiY3JlYXRlIjo2MDAwMDAwMDAwMDAsImRlbGV0ZSI6OTAwMDAwMDAwMDAwfSwic2NoZW1hX3ZlcnNpb24iOiIxIn0=",
          "dependencies": [
            "aws_security_group.web_sg",
            "aws_vpc.main"
          ]
        }
      ]
    },
    {
      "mode": "managed",
      "type": "aws_security_group",
      "name": "web_sg",
      "provider": "provider[\"registry.terraform.io/hashicorp/aws\"]",
      "instances": [
        {
          "schema_version": 1,
          "attributes": {
            "arn": "arn:aws:ec2:eu-north-1:197710836519:security-group/sg-03588d423ac150bf6",
            "description": "Allow SSH and HTTP inbound traffic",
            "egress": [
              {
                "cidr_blocks": [
                  "0.0.0.0/0"
                ],
                "description": "",
                "from_port": 0,
                "ipv6_cidr_blocks": [],
                "prefix_list_ids": [],
                "protocol": "-1",
                "security_groups": [],
                "self": false,
                "to_port": 0
              }
            ],
            "id": "sg-03588d423ac150bf6",
            "ingress": [
              {
                "cidr_blocks": [
                  "0.0.0.0/0"
                ],
                "description": "HTTP",
                "from_port": 80,
                "ipv6_cidr_blocks": [],
                "prefix_list_ids": [],
                "protocol": "tcp",
                "security_groups": [],
                "self": false,
                "to_port": 80
              },
              {
                "cidr_blocks": [
                  "0.0.0.0/0"
                ],
                "description": "SSH",
                "from_port": 22,
                "ipv6_cidr_blocks": [],
                "prefix_list_ids": [],
                "protocol": "tcp",
                "security_groups": [],
                "self": false,
                "to_port": 22
              }
            ],
            "name": "grocerymate-v2-sg",
            "name_prefix": "",
            "owner_id": "197710836519",
            "region": "eu-north-1",
            "revoke_rules_on_delete": false,
            "tags": {
              "Name": "grocerymate-v2-sg"
            },
            "tags_all": {
              "Environment": "dev",
              "ManagedBy": "terraform",
              "Name": "grocerymate-v2-sg",
              "Project": "terraform-webapp"
            },
            "timeouts": null,
            "vpc_id": "vpc-066c111f20a745baf"
          },
          "sensitive_attributes": [],
          "identity_schema_version": 0,
          "identity": {
            "account_id": "197710836519",
            "id": "sg-03588d423ac150bf6",
            "region": "eu-north-1"
          },
          "private": "eyJlMmJmYjczMC1lY2FhLTExZTYtOGY4OC0zNDM2M2JjN2M0YzAiOnsiY3JlYXRlIjo2MDAwMDAwMDAwMDAsImRlbGV0ZSI6OTAwMDAwMDAwMDAwfSwic2NoZW1hX3ZlcnNpb24iOiIxIn0=",
          "dependencies": [
            "aws_vpc.main"
          ]
        }
      ]
    },
    {
      "mode": "managed",
      "type": "aws_subnet",
      "name": "private_a",
      "provider": "provider[\"registry.terraform.io/hashicorp/aws\"]",
      "instances": [
        {
          "schema_version": 1,
          "attributes": {
            "arn": "arn:aws:ec2:eu-north-1:197710836519:subnet/subnet-01a54a094aecdb89a",
            "assign_ipv6_address_on_creation": false,
            "availability_zone": "eu-north-1a",
            "availability_zone_id": "eun1-az1",
            "cidr_block": "10.0.4.0/24",
            "customer_owned_ipv4_pool": "",
            "enable_dns64": false,
            "enable_lni_at_device_index": 0,
            "enable_resource_name_dns_a_record_on_launch": false,
            "enable_resource_name_dns_aaaa_record_on_launch": false,
            "id": "subnet-01a54a094aecdb89a",
            "ipv6_cidr_block": "",
            "ipv6_cidr_block_association_id": "",
            "ipv6_native": false,
            "map_customer_owned_ip_on_launch": false,
            "map_public_ip_on_launch": false,
            "outpost_arn": "",
            "owner_id": "197710836519",
            "private_dns_hostname_type_on_launch": "ip-name",
            "region": "eu-north-1",
            "tags": {
              "Name": "grocerymate-v2-subnet-private-a"
            },
            "tags_all": {
              "Environment": "dev",
              "ManagedBy": "terraform",
              "Name": "grocerymate-v2-subnet-private-a",
              "Project": "terraform-webapp"
            },
            "timeouts": null,
            "vpc_id": "vpc-066c111f20a745baf"
          },
          "sensitive_attributes": [],
          "identity_schema_version": 0,
          "identity": {
            "account_id": "197710836519",
            "id": "subnet-01a54a094aecdb89a",
            "region": "eu-north-1"
          },
          "private": "eyJlMmJmYjczMC1lY2FhLTExZTYtOGY4OC0zNDM2M2JjN2M0YzAiOnsiY3JlYXRlIjo2MDAwMDAwMDAwMDAsImRlbGV0ZSI6MTIwMDAwMDAwMDAwMH0sInNjaGVtYV92ZXJzaW9uIjoiMSJ9",
          "dependencies": [
            "aws_vpc.main"
          ]
        }
      ]
    },
    {
      "mode": "managed",
      "type": "aws_subnet",
      "name": "private_b",
      "provider": "provider[\"registry.terraform.io/hashicorp/aws\"]",
      "instances": [
        {
          "schema_version": 1,
          "attributes": {
            "arn": "arn:aws:ec2:eu-north-1:197710836519:subnet/subnet-0671349f9fea57664",
            "assign_ipv6_address_on_creation": false,
            "availability_zone": "eu-north-1b",
            "availability_zone_id": "eun1-az2",
            "cidr_block": "10.0.3.0/24",
            "customer_owned_ipv4_pool": "",
            "enable_dns64": false,
            "enable_lni_at_device_index": 0,
            "enable_resource_name_dns_a_record_on_launch": false,
            "enable_resource_name_dns_aaaa_record_on_launch": false,
            "id": "subnet-0671349f9fea57664",
            "ipv6_cidr_block": "",
            "ipv6_cidr_block_association_id": "",
            "ipv6_native": false,
            "map_customer_owned_ip_on_launch": false,
            "map_public_ip_on_launch": false,
            "outpost_arn": "",
            "owner_id": "197710836519",
            "private_dns_hostname_type_on_launch": "ip-name",
            "region": "eu-north-1",
            "tags": {
              "Name": "grocerymate-v2-subnet-private-b"
            },
            "tags_all": {
              "Environment": "dev",
              "ManagedBy": "terraform",
              "Name": "grocerymate-v2-subnet-private-b",
              "Project": "terraform-webapp"
            },
            "timeouts": null,
            "vpc_id": "vpc-066c111f20a745baf"
          },
          "sensitive_attributes": [],
          "identity_schema_version": 0,
          "identity": {
            "account_id": "197710836519",
            "id": "subnet-0671349f9fea57664",
            "region": "eu-north-1"
          },
          "private": "eyJlMmJmYjczMC1lY2FhLTExZTYtOGY4OC0zNDM2M2JjN2M0YzAiOnsiY3JlYXRlIjo2MDAwMDAwMDAwMDAsImRlbGV0ZSI6MTIwMDAwMDAwMDAwMH0sInNjaGVtYV92ZXJzaW9uIjoiMSJ9",
          "dependencies": [
            "aws_vpc.main"
          ]
        }
      ]
    },
    {
      "mode": "managed",
      "type": "aws_subnet",
      "name": "public",
      "provider": "provider[\"registry.terraform.io/hashicorp/aws\"]",
      "instances": [
        {
          "schema_version": 1,
          "attributes": {
            "arn": "arn:aws:ec2:eu-north-1:197710836519:subnet/subnet-0e6558a0463b1a577",
            "assign_ipv6_address_on_creation": false,
            "availability_zone": "eu-north-1a",
            "availability_zone_id": "eun1-az1",
            "cidr_block": "10.0.1.0/24",
            "customer_owned_ipv4_pool": "",
            "enable_dns64": false,
            "enable_lni_at_device_index": 0,
            "enable_resource_name_dns_a_record_on_launch": false,
            "enable_resource_name_dns_aaaa_record_on_launch": false,
            "id": "subnet-0e6558a0463b1a577",
            "ipv6_cidr_block": "",
            "ipv6_cidr_block_association_id": "",
            "ipv6_native": false,
            "map_customer_owned_ip_on_launch": false,
            "map_public_ip_on_launch": true,
            "outpost_arn": "",
            "owner_id": "197710836519",
            "private_dns_hostname_type_on_launch": "ip-name",
            "region": "eu-north-1",
            "tags": {
              "Name": "grocerymate-v2-subnet-public"
            },
            "tags_all": {
              "Environment": "dev",
              "ManagedBy": "terraform",
              "Name": "grocerymate-v2-subnet-public",
              "Project": "terraform-webapp"
            },
            "timeouts": null,
            "vpc_id": "vpc-066c111f20a745baf"
          },
          "sensitive_attributes": [],
          "identity_schema_version": 0,
          "identity": {
            "account_id": "197710836519",
            "id": "subnet-0e6558a0463b1a577",
            "region": "eu-north-1"
          },
          "private": "eyJlMmJmYjczMC1lY2FhLTExZTYtOGY4OC0zNDM2M2JjN2M0YzAiOnsiY3JlYXRlIjo2MDAwMDAwMDAwMDAsImRlbGV0ZSI6MTIwMDAwMDAwMDAwMH0sInNjaGVtYV92ZXJzaW9uIjoiMSJ9",
          "dependencies": [
            "aws_vpc.main"
          ]
        }
      ]
    },
    {
      "mode": "managed",
      "type": "aws_vpc",
      "name": "main",
      "provider": "provider[\"registry.terraform.io/hashicorp/aws\"]",
      "instances": [
        {
          "schema_version": 1,
          "attributes": {
            "arn": "arn:aws:ec2:eu-north-1:197710836519:vpc/vpc-066c111f20a745baf",
            "assign_generated_ipv6_cidr_block": false,
            "cidr_block": "10.0.0.0/16",
            "default_network_acl_id": "acl-0b0701c8cb3cd45fa",
            "default_route_table_id": "rtb-0fec1954ac06f2a96",
            "default_security_group_id": "sg-08e03c6753829b166",
            "dhcp_options_id": "dopt-06f706cbdeb298dae",
            "enable_dns_hostnames": false,
            "enable_dns_support": true,
            "enable_network_address_usage_metrics": false,
            "id": "vpc-066c111f20a745baf",
            "instance_tenancy": "default",
            "ipv4_ipam_pool_id": null,
            "ipv4_netmask_length": null,
            "ipv6_association_id": "",
            "ipv6_cidr_block": "",
            "ipv6_cidr_block_network_border_group": "",
            "ipv6_ipam_pool_id": "",
            "ipv6_netmask_length": 0,
            "main_route_table_id": "rtb-0fec1954ac06f2a96",
            "owner_id": "197710836519",
            "region": "eu-north-1",
            "tags": {
              "Name": "grocerymate-v2-vpc"
            },
            "tags_all": {
              "Environment": "dev",
              "ManagedBy": "terraform",
              "Name": "grocerymate-v2-vpc",
              "Project": "terraform-webapp"
            }
          },
          "sensitive_attributes": [],
          "identity_schema_version": 0,
          "identity": {
            "account_id": "197710836519",
            "id": "vpc-066c111f20a745baf",
            "region": "eu-north-1"
          },
          "private": "eyJzY2hlbWFfdmVyc2lvbiI6IjEifQ=="
        }
      ]
    },
    {
      "mode": "managed",
      "type": "local_file",
      "name": "private_key_pem",
      "provider": "provider[\"registry.terraform.io/hashicorp/local\"]",
      "instances": [
        {
          "schema_version": 0,
          "attributes": {
            "content": "-----BEGIN RSA PRIVATE KEY-----\nMIIJKAIBAAKCAgEA5FlpHywQCQvEGab/vftfPVo94mCkUk90AoVNO/KBtzFGFhk4\n13szHcT2g+k1YZa50cnGiJ0t1DtTL5OOWJICQDGrO+mr4MYqlr0CPn/9Jvz1nr7e\nExxvHXd6z1l587JOYZ1LR6/5rxZvDIU8f/uUEONXiFPCBVLxLzXQ3+7AmaAA3/OR\n6hO1JWKGhZoCZViRv6EDpf3HWjMvzflSuQxgK+5MFeFXFyBsGOhmFbvFGbW4Y0AA\nuc82XR0+NshUzUcBtQLKd0m/ZdPDC0xggs6Fl1D1dkKyPx2vVn/FepmkrhL95mFP\nI+EFnK24d43se8JJM6LHFxTuauhd4XjRiI3w8KgAb8qk59oLKvgeMfly0jhPgsgR\nAkqKgWsqrqISYwkop79xV9s2+LcNNgkCndQxjo2puiTSQNrvIhsFjoJ2gPwI8EKH\n7vs+e1ea81aFAQMs1dTHWUtbNdEX4PhMmX/XoOv0ddp/Q+a5AwA9fZRsGm2/odsQ\nyf86ZXmkOUeFPLu9IdOl9PhPG9eXeHxBkgXPgbluDDJHO/tmTezDz5hUFFOMFndr\nqeWxoBBGLCXpOjLYEjytfkwAkj15TUZo2+/sKRRDfoB+5+Yt807leXzUjeUe/Kvq\n6k7iq9Ut+8rErT11iZo0dBM6mvfnBx6BeqFB4yFT53aN3pAD1oF5agnlrvcCAwEA\nAQKCAgAdOzrjRCs7VTfBxuiHI/YxrussHw36AXTK29Ciw20Ki/K6Ynkt0HYfMfcS\ntNhiCT75VZimJWTX/c4s0XlP6kUCfbk7XrLjf8q06DYw1QaNpqU0sJ9SF/o7be+Z\nOo2LfkBda5rW7vaKDNejZSz0/zoZnVi3uW0lbFQ2pG98Mx6Rq/Ngt9fufJ5cTkwF\nL01uNtPVkaGbbqzF5baRagDGcoifJw6zYFjbO4nK+HkVACf/ng0gG3HcV2PQsK0l\nqyh77MKRru1HLvgi62RU/m5+YDymvbTmcixKOx0WeB3KD4AOzpyVENDmOWiUAYMT\nPuZOg3UGeKh+0m2g3uUht2svTWhR0GPHp/ulG6NGTGJNQWCLx6yQPXXcqCBQ310j\naaB/q6hCI7iJqXO4MB0VepPCLiev68OUJuareVAFoo0KjZtfERCuNyWv0x/4qMA1\ng+ESbeGIG9pCchMb/N5OhdyROwfVlUJ2v7OuRE9vxh+CRAXNSYSJdhEoK/+DxbKN\nW+y8lhghxkjEaizT8YaecSIEgt7Rh23XmIJNnXZUAnGG0w6SM5uAesls8MVc6tvO\nw0VnK6FCQokVIypLHW6hLUlHFPAFx76vRuywcbfEnSrPBQ4bfISzuBiGPwCUngpC\nOKJq5mRj4LEs871KdrgHYgqvUyeaISZ6lmlL6R/wzmqV7MocFQKCAQEA+9Fkd9Q8\nCLE+kj/9Dd1DSGTznnrSUcPd5dK6vxa4mH/PjzqeEkrGXaGZSUjTgJu0tZnndHva\nfGPpohG3CegEQFRp91c68rH501bHVPnllYsEyY4LDqm62NjW3dnzZiZWaFB3SuR5\n6t1DhjCrI1IDXhArCZ59zGrGCtinKQKAg1eGJkqFYKM57D6f0037FrNar+p4Zno2\nsFqGe8uHwSH36Ty8kfmUR47o5sUwvGOHoITGgoB54XV1e5P1biu9bJ2HM2IXIntq\nF+fuiEcyKSH68Kh/dsTalx/FyOD7kfTEImFyv+tcdN98e9HKDoNSNNhMgUs29tfC\nx6ma/RpgkDluQwKCAQEA6CQ9ojRITUnvlPLUhR+GLD9z5ayFMtxdcHDf3HSpSoDo\nTPAHEA4f1Qp3k9qpY5BLhtFBhHqEdPy8SstQwsj2cQtYNQJiI3/NpKVh6CsF+mVa\nTQRLCcNgBrdgRUmHJ+UdvzAZxlGpkAef/9jIgihI+RRkFETuSTAGSkZfvZ/v5seX\n+OTlm8DALMh752pkiwNNN+JqRUgQ4Wg5HTjfDUU0gDpyOP8tAD7EhUi5psJsQBN+\nYydd6DvrSWr2Sv1BuErH6AmDoqwCxlk7iSouXtDvPd/kw6C/xPq0qCv59FlYmH+w\nmL01zMLFI3BloQ5N1sW7pYXxiyR7+0FCND5v8jvjPQKCAQAoTnngXE5HrecwDaH5\nqCLu4YnFIi+r+sf302Uk1QQzFLIqYN2QW/uoXQdmHYwNF98y+jF8CZ8NLgjlciR0\nJ3kWuuxDNOkwk6BDXa6GQYGoEBpyEJRggnZv4zVxSUOWZCiMheSyTiPdnhEC16Nt\nAeGcGsZowb+tCqIsdkU7YTUk0MueMWtr7nSFBfkbH25DUe4AHm2rKYC7daH1Crzu\nAvvlj103mFVNpuhMl9+XJ+87mEUV+m6H0f8+Co7MVZ/6VLShWuANGuf+b5dUpOC4\niMHb53yPjC7Y5bMI1kouMJl8T1DIu2mPI36PayMGc6qi3sRQJbPkiuCYiONQA/rU\n2vx1AoIBADLAeZkUxRngqDhwPnY8RiE2XihAZ36PHv6OLuMLvldDh4YKlAC2lc8F\n0s7IZ3AVA+4doa1M+9h3yNKxUJ7FQNvGFyq/sqUAM/1jCtyvS0dLEUr1PVKNHFlb\njfiX8qyOMsqxwXDSObf7cseEpZGPLSUHiDnGODJYBYgHirbyWIij6l3H7Ur4AQvJ\naQ1W/VRHDILDRWiQMOCW4KW64UkNcET4gjBj2XrMPjrFg5EpwHDh0ifrW2SCdRZA\nBEiwxcV80+eu7NCLuq+SoqmCR1EDbMqiQGlko4h1Jzn9I1CAmBX/FKTP+QsjKeZt\nlEp5zhq+cB/oAL7i4xgzVD4HyIG1BiECggEBAIQMl/9ocE1Jfl8WXaJWrsErlnTg\n7+SXYvpMwHrNgwrlLaCOlIgZQDvi9Ai2r//SjDj3/7IHFN7GX5NMQC/w70kIaIer\n26JySkwt9mmZvQUfGjxzzwfTVRCbmMmyj/V7uIje9YtQOvi2VhSBtzmlBuppxUKv\nBScYaJcE4DaYnh595s5eMT32t8fcCb0xjd6pgFPRXzY5nMYhh4ucliHgkVALzH6g\n/5vlp8+t0QwmJrafMS2t/DV2dRw4Pe/ZKKTWt9+FVDXQ6vgaw6mbFpS3RJ8BVmVH\nQsVQPY2WOOQGbqQNBkuiu+EIIN7xp8s+TRzfg5FhjQJo1yBDS4K8oRPvV7w=\n-----END RSA PRIVATE KEY-----\n",
            "content_base64": null,
            "content_base64sha256": "GEOw0UApESsC1Id59exll41UvXsIpKKx2o6ElXP77Tc=",
            "content_base64sha512": "mOfdEabZUqA58BiLljH8MoFhYXjuwiv/I6yBVrNFBtU+nx9+/617GaHBfaKT2OdYqZrsNOy1UEcEXdvzgFXItA==",
            "content_md5": "0c0c3d54d6555f0bc7d8e412fe3fbb86",
            "content_sha1": "603cce107134211276f84e00fdc4855efd95ffe2",
            "content_sha256": "1843b0d14029112b02d48779f5ec65978d54bd7b08a4a2b1da8e849573fbed37",
            "content_sha512": "98e7dd11a6d952a039f0188b9631fc3281616178eec22bff23ac8156b34506d53e9f1f7effad7b19a1c17da293d8e758a99aec34ecb55047045ddbf38055c8b4",
            "directory_permission": "0777",
            "file_permission": "0400",
            "filename": "./grocerymate-v2-key.pem",
            "id": "603cce107134211276f84e00fdc4855efd95ffe2",
            "sensitive_content": null,
            "source": null
          },
          "sensitive_attributes": [
            [
              {
                "type": "get_attr",
                "value": "content"
              }
            ],
            [
              {
                "type": "get_attr",
                "value": "sensitive_content"
              }
            ]
          ],
          "identity_schema_version": 0,
          "dependencies": [
            "tls_private_key.ssh_key"
          ]
        }
      ]
    },
    {
      "mode": "managed",
      "type": "random_id",
      "name": "bucket_suffix",
      "provider": "provider[\"registry.terraform.io/hashicorp/random\"]",
      "instances": [
        {
          "schema_version": 0,
          "attributes": {
            "b64_std": "j98=",
            "b64_url": "j98",
            "byte_length": 2,
            "dec": "36831",
            "hex": "8fdf",
            "id": "j98",
            "keepers": null,
            "prefix": null
          },
          "sensitive_attributes": [],
          "identity_schema_version": 0
        }
      ]
    },
    {
      "mode": "managed",
      "type": "random_id",
      "name": "rds_suffix",
      "provider": "provider[\"registry.terraform.io/hashicorp/random\"]",
      "instances": [
        {
          "schema_version": 0,
          "attributes": {
            "b64_std": "Tgo=",
            "b64_url": "Tgo",
            "byte_length": 2,
            "dec": "19978",
            "hex": "4e0a",
            "id": "Tgo",
            "keepers": null,
            "prefix": null
          },
          "sensitive_attributes": [],
          "identity_schema_version": 0
        }
      ]
    },
    {
      "mode": "managed",
      "type": "tls_private_key",
      "name": "ssh_key",
      "provider": "provider[\"registry.terraform.io/hashicorp/tls\"]",
      "instances": [
        {
          "schema_version": 1,
          "attributes": {
            "algorithm": "RSA",
            "ecdsa_curve": "P224",
            "id": "fa4e62943bff3aec912d0abf597bc29aff4b3c4b",
            "private_key_openssh": "-----BEGIN OPENSSH PRIVATE KEY-----\nb3BlbnNzaC1rZXktdjEAAAAABG5vbmUAAAAEbm9uZQAAAAAAAAABAAACFwAAAAdz\nc2gtcnNhAAAAAwEAAQAAAgEA5FlpHywQCQvEGab/vftfPVo94mCkUk90AoVNO/KB\ntzFGFhk413szHcT2g+k1YZa50cnGiJ0t1DtTL5OOWJICQDGrO+mr4MYqlr0CPn/9\nJvz1nr7eExxvHXd6z1l587JOYZ1LR6/5rxZvDIU8f/uUEONXiFPCBVLxLzXQ3+7A\nmaAA3/OR6hO1JWKGhZoCZViRv6EDpf3HWjMvzflSuQxgK+5MFeFXFyBsGOhmFbvF\nGbW4Y0AAuc82XR0+NshUzUcBtQLKd0m/ZdPDC0xggs6Fl1D1dkKyPx2vVn/Fepmk\nrhL95mFPI+EFnK24d43se8JJM6LHFxTuauhd4XjRiI3w8KgAb8qk59oLKvgeMfly\n0jhPgsgRAkqKgWsqrqISYwkop79xV9s2+LcNNgkCndQxjo2puiTSQNrvIhsFjoJ2\ngPwI8EKH7vs+e1ea81aFAQMs1dTHWUtbNdEX4PhMmX/XoOv0ddp/Q+a5AwA9fZRs\nGm2/odsQyf86ZXmkOUeFPLu9IdOl9PhPG9eXeHxBkgXPgbluDDJHO/tmTezDz5hU\nFFOMFndrqeWxoBBGLCXpOjLYEjytfkwAkj15TUZo2+/sKRRDfoB+5+Yt807leXzU\njeUe/Kvq6k7iq9Ut+8rErT11iZo0dBM6mvfnBx6BeqFB4yFT53aN3pAD1oF5agnl\nrvcAAAc4Zh1TqWYdU6kAAAAHc3NoLXJzYQAAAgEA5FlpHywQCQvEGab/vftfPVo9\n4mCkUk90AoVNO/KBtzFGFhk413szHcT2g+k1YZa50cnGiJ0t1DtTL5OOWJICQDGr\nO+mr4MYqlr0CPn/9Jvz1nr7eExxvHXd6z1l587JOYZ1LR6/5rxZvDIU8f/uUEONX\niFPCBVLxLzXQ3+7AmaAA3/OR6hO1JWKGhZoCZViRv6EDpf3HWjMvzflSuQxgK+5M\nFeFXFyBsGOhmFbvFGbW4Y0AAuc82XR0+NshUzUcBtQLKd0m/ZdPDC0xggs6Fl1D1\ndkKyPx2vVn/FepmkrhL95mFPI+EFnK24d43se8JJM6LHFxTuauhd4XjRiI3w8KgA\nb8qk59oLKvgeMfly0jhPgsgRAkqKgWsqrqISYwkop79xV9s2+LcNNgkCndQxjo2p\nuiTSQNrvIhsFjoJ2gPwI8EKH7vs+e1ea81aFAQMs1dTHWUtbNdEX4PhMmX/XoOv0\nddp/Q+a5AwA9fZRsGm2/odsQyf86ZXmkOUeFPLu9IdOl9PhPG9eXeHxBkgXPgblu\nDDJHO/tmTezDz5hUFFOMFndrqeWxoBBGLCXpOjLYEjytfkwAkj15TUZo2+/sKRRD\nfoB+5+Yt807leXzUjeUe/Kvq6k7iq9Ut+8rErT11iZo0dBM6mvfnBx6BeqFB4yFT\n53aN3pAD1oF5agnlrvcAAAADAQABAAACAB07OuNEKztVN8HG6Icj9jGu6ywfDfoB\ndMrb0KLDbQqL8rpieS3Qdh8x9xK02GIJPvlVmKYlZNf9zizReU/qRQJ9uTtesuN/\nyrToNjDVBo2mpTSwn1IX+jtt75k6jYt+QF1rmtbu9ooM16NlLPT/OhmdWLe5bSVs\nVDakb3wzHpGr82C31+58nlxOTAUvTW4209WRoZturMXltpFqAMZyiJ8nDrNgWNs7\nicr4eRUAJ/+eDSAbcdxXY9CwrSWrKHvswpGu7Ucu+CLrZFT+bn5gPKa9tOZyLEo7\nHRZ4HcoPgA7OnJUQ0OY5aJQBgxM+5k6DdQZ4qH7SbaDe5SG3ay9NaFHQY8en+6Ub\no0ZMYk1BYIvHrJA9ddyoIFDfXSNpoH+rqEIjuImpc7gwHRV6k8IuJ6/rw5Qm5qt5\nUAWijQqNm18REK43Ja/TH/iowDWD4RJt4Ygb2kJyExv83k6F3JE7B9WVQna/s65E\nT2/GH4JEBc1JhIl2ESgr/4PFso1b7LyWGCHGSMRqLNPxhp5xIgSC3tGHbdeYgk2d\ndlQCcYbTDpIzm4B6yWzwxVzq287DRWcroUJCiRUjKksdbqEtSUcU8AXHvq9G7LBx\nt8SdKs8FDht8hLO4GIY/AJSeCkI4omrmZGPgsSzzvUp2uAdiCq9TJ5ohJnqWaUvp\nH/DOapXsyhwVAAABAQCEDJf/aHBNSX5fFl2iVq7BK5Z04O/kl2L6TMB6zYMK5S2g\njpSIGUA74vQItq//0ow49/+yBxTexl+TTEAv8O9JCGiHq9uickpMLfZpmb0FHxo8\nc88H01UQm5jJso/1e7iI3vWLUDr4tlYUgbc5pQbqacVCrwUnGGiXBOA2mJ4efebO\nXjE99rfH3Am9MY3eqYBT0V82OZzGIYeLnJYh4JFQC8x+oP+b5afPrdEMJia2nzEt\nrfw1dnUcOD3v2Sik1rffhVQ10Or4GsOpmxaUt0SfAVZlR0LFUD2NljjkBm6kDQZL\norvhCCDe8afLPk0c34ORYY0CaNcgQ0uCvKET71e8AAABAQD70WR31DwIsT6SP/0N\n3UNIZPOeetJRw93l0rq/FriYf8+POp4SSsZdoZlJSNOAm7S1med0e9p8Y+miEbcJ\n6ARAVGn3VzrysfnTVsdU+eWViwTJjgsOqbrY2Nbd2fNmJlZoUHdK5Hnq3UOGMKsj\nUgNeECsJnn3MasYK2KcpAoCDV4YmSoVgoznsPp/TTfsWs1qv6nhmejawWoZ7y4fB\nIffpPLyR+ZRHjujmxTC8Y4eghMaCgHnhdXV7k/VuK71snYczYhcie2oX5+6IRzIp\nIfrwqH92xNqXH8XI4PuR9MQiYXK/61x033x70coOg1I02EyBSzb218LHqZr9GmCQ\nOW5DAAABAQDoJD2iNEhNSe+U8tSFH4YsP3PlrIUy3F1wcN/cdKlKgOhM8AcQDh/V\nCneT2qljkEuG0UGEeoR0/LxKy1DCyPZxC1g1AmIjf82kpWHoKwX6ZVpNBEsJw2AG\nt2BFSYcn5R2/MBnGUamQB5//2MiCKEj5FGQURO5JMAZKRl+9n+/mx5f45OWbwMAs\nyHvnamSLA0034mpFSBDhaDkdON8NRTSAOnI4/y0APsSFSLmmwmxAE35jJ13oO+tJ\navZK/UG4SsfoCYOirALGWTuJKi5e0O893+TDoL/E+rSoK/n0WViYf7CYvTXMwsUj\ncGWhDk3WxbulhfGLJHv7QUI0Pm/yO+M9AAAAAAEC\n-----END OPENSSH PRIVATE KEY-----\n",
            "private_key_pem": "-----BEGIN RSA PRIVATE KEY-----\nMIIJKAIBAAKCAgEA5FlpHywQCQvEGab/vftfPVo94mCkUk90AoVNO/KBtzFGFhk4\n13szHcT2g+k1YZa50cnGiJ0t1DtTL5OOWJICQDGrO+mr4MYqlr0CPn/9Jvz1nr7e\nExxvHXd6z1l587JOYZ1LR6/5rxZvDIU8f/uUEONXiFPCBVLxLzXQ3+7AmaAA3/OR\n6hO1JWKGhZoCZViRv6EDpf3HWjMvzflSuQxgK+5MFeFXFyBsGOhmFbvFGbW4Y0AA\nuc82XR0+NshUzUcBtQLKd0m/ZdPDC0xggs6Fl1D1dkKyPx2vVn/FepmkrhL95mFP\nI+EFnK24d43se8JJM6LHFxTuauhd4XjRiI3w8KgAb8qk59oLKvgeMfly0jhPgsgR\nAkqKgWsqrqISYwkop79xV9s2+LcNNgkCndQxjo2puiTSQNrvIhsFjoJ2gPwI8EKH\n7vs+e1ea81aFAQMs1dTHWUtbNdEX4PhMmX/XoOv0ddp/Q+a5AwA9fZRsGm2/odsQ\nyf86ZXmkOUeFPLu9IdOl9PhPG9eXeHxBkgXPgbluDDJHO/tmTezDz5hUFFOMFndr\nqeWxoBBGLCXpOjLYEjytfkwAkj15TUZo2+/sKRRDfoB+5+Yt807leXzUjeUe/Kvq\n6k7iq9Ut+8rErT11iZo0dBM6mvfnBx6BeqFB4yFT53aN3pAD1oF5agnlrvcCAwEA\nAQKCAgAdOzrjRCs7VTfBxuiHI/YxrussHw36AXTK29Ciw20Ki/K6Ynkt0HYfMfcS\ntNhiCT75VZimJWTX/c4s0XlP6kUCfbk7XrLjf8q06DYw1QaNpqU0sJ9SF/o7be+Z\nOo2LfkBda5rW7vaKDNejZSz0/zoZnVi3uW0lbFQ2pG98Mx6Rq/Ngt9fufJ5cTkwF\nL01uNtPVkaGbbqzF5baRagDGcoifJw6zYFjbO4nK+HkVACf/ng0gG3HcV2PQsK0l\nqyh77MKRru1HLvgi62RU/m5+YDymvbTmcixKOx0WeB3KD4AOzpyVENDmOWiUAYMT\nPuZOg3UGeKh+0m2g3uUht2svTWhR0GPHp/ulG6NGTGJNQWCLx6yQPXXcqCBQ310j\naaB/q6hCI7iJqXO4MB0VepPCLiev68OUJuareVAFoo0KjZtfERCuNyWv0x/4qMA1\ng+ESbeGIG9pCchMb/N5OhdyROwfVlUJ2v7OuRE9vxh+CRAXNSYSJdhEoK/+DxbKN\nW+y8lhghxkjEaizT8YaecSIEgt7Rh23XmIJNnXZUAnGG0w6SM5uAesls8MVc6tvO\nw0VnK6FCQokVIypLHW6hLUlHFPAFx76vRuywcbfEnSrPBQ4bfISzuBiGPwCUngpC\nOKJq5mRj4LEs871KdrgHYgqvUyeaISZ6lmlL6R/wzmqV7MocFQKCAQEA+9Fkd9Q8\nCLE+kj/9Dd1DSGTznnrSUcPd5dK6vxa4mH/PjzqeEkrGXaGZSUjTgJu0tZnndHva\nfGPpohG3CegEQFRp91c68rH501bHVPnllYsEyY4LDqm62NjW3dnzZiZWaFB3SuR5\n6t1DhjCrI1IDXhArCZ59zGrGCtinKQKAg1eGJkqFYKM57D6f0037FrNar+p4Zno2\nsFqGe8uHwSH36Ty8kfmUR47o5sUwvGOHoITGgoB54XV1e5P1biu9bJ2HM2IXIntq\nF+fuiEcyKSH68Kh/dsTalx/FyOD7kfTEImFyv+tcdN98e9HKDoNSNNhMgUs29tfC\nx6ma/RpgkDluQwKCAQEA6CQ9ojRITUnvlPLUhR+GLD9z5ayFMtxdcHDf3HSpSoDo\nTPAHEA4f1Qp3k9qpY5BLhtFBhHqEdPy8SstQwsj2cQtYNQJiI3/NpKVh6CsF+mVa\nTQRLCcNgBrdgRUmHJ+UdvzAZxlGpkAef/9jIgihI+RRkFETuSTAGSkZfvZ/v5seX\n+OTlm8DALMh752pkiwNNN+JqRUgQ4Wg5HTjfDUU0gDpyOP8tAD7EhUi5psJsQBN+\nYydd6DvrSWr2Sv1BuErH6AmDoqwCxlk7iSouXtDvPd/kw6C/xPq0qCv59FlYmH+w\nmL01zMLFI3BloQ5N1sW7pYXxiyR7+0FCND5v8jvjPQKCAQAoTnngXE5HrecwDaH5\nqCLu4YnFIi+r+sf302Uk1QQzFLIqYN2QW/uoXQdmHYwNF98y+jF8CZ8NLgjlciR0\nJ3kWuuxDNOkwk6BDXa6GQYGoEBpyEJRggnZv4zVxSUOWZCiMheSyTiPdnhEC16Nt\nAeGcGsZowb+tCqIsdkU7YTUk0MueMWtr7nSFBfkbH25DUe4AHm2rKYC7daH1Crzu\nAvvlj103mFVNpuhMl9+XJ+87mEUV+m6H0f8+Co7MVZ/6VLShWuANGuf+b5dUpOC4\niMHb53yPjC7Y5bMI1kouMJl8T1DIu2mPI36PayMGc6qi3sRQJbPkiuCYiONQA/rU\n2vx1AoIBADLAeZkUxRngqDhwPnY8RiE2XihAZ36PHv6OLuMLvldDh4YKlAC2lc8F\n0s7IZ3AVA+4doa1M+9h3yNKxUJ7FQNvGFyq/sqUAM/1jCtyvS0dLEUr1PVKNHFlb\njfiX8qyOMsqxwXDSObf7cseEpZGPLSUHiDnGODJYBYgHirbyWIij6l3H7Ur4AQvJ\naQ1W/VRHDILDRWiQMOCW4KW64UkNcET4gjBj2XrMPjrFg5EpwHDh0ifrW2SCdRZA\nBEiwxcV80+eu7NCLuq+SoqmCR1EDbMqiQGlko4h1Jzn9I1CAmBX/FKTP+QsjKeZt\nlEp5zhq+cB/oAL7i4xgzVD4HyIG1BiECggEBAIQMl/9ocE1Jfl8WXaJWrsErlnTg\n7+SXYvpMwHrNgwrlLaCOlIgZQDvi9Ai2r//SjDj3/7IHFN7GX5NMQC/w70kIaIer\n26JySkwt9mmZvQUfGjxzzwfTVRCbmMmyj/V7uIje9YtQOvi2VhSBtzmlBuppxUKv\nBScYaJcE4DaYnh595s5eMT32t8fcCb0xjd6pgFPRXzY5nMYhh4ucliHgkVALzH6g\n/5vlp8+t0QwmJrafMS2t/DV2dRw4Pe/ZKKTWt9+FVDXQ6vgaw6mbFpS3RJ8BVmVH\nQsVQPY2WOOQGbqQNBkuiu+EIIN7xp8s+TRzfg5FhjQJo1yBDS4K8oRPvV7w=\n-----END RSA PRIVATE KEY-----\n",
            "private_key_pem_pkcs8": "-----BEGIN PRIVATE KEY-----\nMIIJQgIBADANBgkqhkiG9w0BAQEFAASCCSwwggkoAgEAAoICAQDkWWkfLBAJC8QZ\npv+9+189Wj3iYKRST3QChU078oG3MUYWGTjXezMdxPaD6TVhlrnRycaInS3UO1Mv\nk45YkgJAMas76avgxiqWvQI+f/0m/PWevt4THG8dd3rPWXnzsk5hnUtHr/mvFm8M\nhTx/+5QQ41eIU8IFUvEvNdDf7sCZoADf85HqE7UlYoaFmgJlWJG/oQOl/cdaMy/N\n+VK5DGAr7kwV4VcXIGwY6GYVu8UZtbhjQAC5zzZdHT42yFTNRwG1Asp3Sb9l08ML\nTGCCzoWXUPV2QrI/Ha9Wf8V6maSuEv3mYU8j4QWcrbh3jex7wkkzoscXFO5q6F3h\neNGIjfDwqABvyqTn2gsq+B4x+XLSOE+CyBECSoqBayquohJjCSinv3FX2zb4tw02\nCQKd1DGOjam6JNJA2u8iGwWOgnaA/AjwQofu+z57V5rzVoUBAyzV1MdZS1s10Rfg\n+EyZf9eg6/R12n9D5rkDAD19lGwabb+h2xDJ/zpleaQ5R4U8u70h06X0+E8b15d4\nfEGSBc+BuW4MMkc7+2ZN7MPPmFQUU4wWd2up5bGgEEYsJek6MtgSPK1+TACSPXlN\nRmjb7+wpFEN+gH7n5i3zTuV5fNSN5R78q+rqTuKr1S37ysStPXWJmjR0Ezqa9+cH\nHoF6oUHjIVPndo3ekAPWgXlqCeWu9wIDAQABAoICAB07OuNEKztVN8HG6Icj9jGu\n6ywfDfoBdMrb0KLDbQqL8rpieS3Qdh8x9xK02GIJPvlVmKYlZNf9zizReU/qRQJ9\nuTtesuN/yrToNjDVBo2mpTSwn1IX+jtt75k6jYt+QF1rmtbu9ooM16NlLPT/Ohmd\nWLe5bSVsVDakb3wzHpGr82C31+58nlxOTAUvTW4209WRoZturMXltpFqAMZyiJ8n\nDrNgWNs7icr4eRUAJ/+eDSAbcdxXY9CwrSWrKHvswpGu7Ucu+CLrZFT+bn5gPKa9\ntOZyLEo7HRZ4HcoPgA7OnJUQ0OY5aJQBgxM+5k6DdQZ4qH7SbaDe5SG3ay9NaFHQ\nY8en+6Ubo0ZMYk1BYIvHrJA9ddyoIFDfXSNpoH+rqEIjuImpc7gwHRV6k8IuJ6/r\nw5Qm5qt5UAWijQqNm18REK43Ja/TH/iowDWD4RJt4Ygb2kJyExv83k6F3JE7B9WV\nQna/s65ET2/GH4JEBc1JhIl2ESgr/4PFso1b7LyWGCHGSMRqLNPxhp5xIgSC3tGH\nbdeYgk2ddlQCcYbTDpIzm4B6yWzwxVzq287DRWcroUJCiRUjKksdbqEtSUcU8AXH\nvq9G7LBxt8SdKs8FDht8hLO4GIY/AJSeCkI4omrmZGPgsSzzvUp2uAdiCq9TJ5oh\nJnqWaUvpH/DOapXsyhwVAoIBAQD70WR31DwIsT6SP/0N3UNIZPOeetJRw93l0rq/\nFriYf8+POp4SSsZdoZlJSNOAm7S1med0e9p8Y+miEbcJ6ARAVGn3VzrysfnTVsdU\n+eWViwTJjgsOqbrY2Nbd2fNmJlZoUHdK5Hnq3UOGMKsjUgNeECsJnn3MasYK2Kcp\nAoCDV4YmSoVgoznsPp/TTfsWs1qv6nhmejawWoZ7y4fBIffpPLyR+ZRHjujmxTC8\nY4eghMaCgHnhdXV7k/VuK71snYczYhcie2oX5+6IRzIpIfrwqH92xNqXH8XI4PuR\n9MQiYXK/61x033x70coOg1I02EyBSzb218LHqZr9GmCQOW5DAoIBAQDoJD2iNEhN\nSe+U8tSFH4YsP3PlrIUy3F1wcN/cdKlKgOhM8AcQDh/VCneT2qljkEuG0UGEeoR0\n/LxKy1DCyPZxC1g1AmIjf82kpWHoKwX6ZVpNBEsJw2AGt2BFSYcn5R2/MBnGUamQ\nB5//2MiCKEj5FGQURO5JMAZKRl+9n+/mx5f45OWbwMAsyHvnamSLA0034mpFSBDh\naDkdON8NRTSAOnI4/y0APsSFSLmmwmxAE35jJ13oO+tJavZK/UG4SsfoCYOirALG\nWTuJKi5e0O893+TDoL/E+rSoK/n0WViYf7CYvTXMwsUjcGWhDk3WxbulhfGLJHv7\nQUI0Pm/yO+M9AoIBAChOeeBcTket5zANofmoIu7hicUiL6v6x/fTZSTVBDMUsipg\n3ZBb+6hdB2YdjA0X3zL6MXwJnw0uCOVyJHQneRa67EM06TCToENdroZBgagQGnIQ\nlGCCdm/jNXFJQ5ZkKIyF5LJOI92eEQLXo20B4ZwaxmjBv60Koix2RTthNSTQy54x\na2vudIUF+RsfbkNR7gAebaspgLt1ofUKvO4C++WPXTeYVU2m6EyX35cn7zuYRRX6\nbofR/z4KjsxVn/pUtKFa4A0a5/5vl1Sk4LiIwdvnfI+MLtjlswjWSi4wmXxPUMi7\naY8jfo9rIwZzqqLexFAls+SK4JiI41AD+tTa/HUCggEAMsB5mRTFGeCoOHA+djxG\nITZeKEBnfo8e/o4u4wu+V0OHhgqUALaVzwXSzshncBUD7h2hrUz72HfI0rFQnsVA\n28YXKr+ypQAz/WMK3K9LR0sRSvU9Uo0cWVuN+JfyrI4yyrHBcNI5t/tyx4SlkY8t\nJQeIOcY4MlgFiAeKtvJYiKPqXcftSvgBC8lpDVb9VEcMgsNFaJAw4JbgpbrhSQ1w\nRPiCMGPZesw+OsWDkSnAcOHSJ+tbZIJ1FkAESLDFxXzT567s0Iu6r5KiqYJHUQNs\nyqJAaWSjiHUnOf0jUICYFf8UpM/5CyMp5m2USnnOGr5wH+gAvuLjGDNUPgfIgbUG\nIQKCAQEAhAyX/2hwTUl+XxZdolauwSuWdODv5Jdi+kzAes2DCuUtoI6UiBlAO+L0\nCLav/9KMOPf/sgcU3sZfk0xAL/DvSQhoh6vbonJKTC32aZm9BR8aPHPPB9NVEJuY\nybKP9Xu4iN71i1A6+LZWFIG3OaUG6mnFQq8FJxholwTgNpieHn3mzl4xPfa3x9wJ\nvTGN3qmAU9FfNjmcxiGHi5yWIeCRUAvMfqD/m+Wnz63RDCYmtp8xLa38NXZ1HDg9\n79kopNa334VUNdDq+BrDqZsWlLdEnwFWZUdCxVA9jZY45AZupA0GS6K74Qgg3vGn\nyz5NHN+DkWGNAmjXIENLgryhE+9XvA==\n-----END PRIVATE KEY-----\n",
            "public_key_fingerprint_md5": "44:88:da:d3:7c:42:2e:7d:5e:a7:5d:04:9e:26:2c:cf",
            "public_key_fingerprint_sha256": "SHA256:/YwEtkIYC/Mx81Nt6i3CaDp0vXiOB0H71H8bCXg1rdY",
            "public_key_openssh": "ssh-rsa AAAAB3NzaC1yc2EAAAADAQABAAACAQDkWWkfLBAJC8QZpv+9+189Wj3iYKRST3QChU078oG3MUYWGTjXezMdxPaD6TVhlrnRycaInS3UO1Mvk45YkgJAMas76avgxiqWvQI+f/0m/PWevt4THG8dd3rPWXnzsk5hnUtHr/mvFm8MhTx/+5QQ41eIU8IFUvEvNdDf7sCZoADf85HqE7UlYoaFmgJlWJG/oQOl/cdaMy/N+VK5DGAr7kwV4VcXIGwY6GYVu8UZtbhjQAC5zzZdHT42yFTNRwG1Asp3Sb9l08MLTGCCzoWXUPV2QrI/Ha9Wf8V6maSuEv3mYU8j4QWcrbh3jex7wkkzoscXFO5q6F3heNGIjfDwqABvyqTn2gsq+B4x+XLSOE+CyBECSoqBayquohJjCSinv3FX2zb4tw02CQKd1DGOjam6JNJA2u8iGwWOgnaA/AjwQofu+z57V5rzVoUBAyzV1MdZS1s10Rfg+EyZf9eg6/R12n9D5rkDAD19lGwabb+h2xDJ/zpleaQ5R4U8u70h06X0+E8b15d4fEGSBc+BuW4MMkc7+2ZN7MPPmFQUU4wWd2up5bGgEEYsJek6MtgSPK1+TACSPXlNRmjb7+wpFEN+gH7n5i3zTuV5fNSN5R78q+rqTuKr1S37ysStPXWJmjR0Ezqa9+cHHoF6oUHjIVPndo3ekAPWgXlqCeWu9w==\n",
            "public_key_pem": "-----BEGIN PUBLIC KEY-----\nMIICIjANBgkqhkiG9w0BAQEFAAOCAg8AMIICCgKCAgEA5FlpHywQCQvEGab/vftf\nPVo94mCkUk90AoVNO/KBtzFGFhk413szHcT2g+k1YZa50cnGiJ0t1DtTL5OOWJIC\nQDGrO+mr4MYqlr0CPn/9Jvz1nr7eExxvHXd6z1l587JOYZ1LR6/5rxZvDIU8f/uU\nEONXiFPCBVLxLzXQ3+7AmaAA3/OR6hO1JWKGhZoCZViRv6EDpf3HWjMvzflSuQxg\nK+5MFeFXFyBsGOhmFbvFGbW4Y0AAuc82XR0+NshUzUcBtQLKd0m/ZdPDC0xggs6F\nl1D1dkKyPx2vVn/FepmkrhL95mFPI+EFnK24d43se8JJM6LHFxTuauhd4XjRiI3w\n8KgAb8qk59oLKvgeMfly0jhPgsgRAkqKgWsqrqISYwkop79xV9s2+LcNNgkCndQx\njo2puiTSQNrvIhsFjoJ2gPwI8EKH7vs+e1ea81aFAQMs1dTHWUtbNdEX4PhMmX/X\noOv0ddp/Q+a5AwA9fZRsGm2/odsQyf86ZXmkOUeFPLu9IdOl9PhPG9eXeHxBkgXP\ngbluDDJHO/tmTezDz5hUFFOMFndrqeWxoBBGLCXpOjLYEjytfkwAkj15TUZo2+/s\nKRRDfoB+5+Yt807leXzUjeUe/Kvq6k7iq9Ut+8rErT11iZo0dBM6mvfnBx6BeqFB\n4yFT53aN3pAD1oF5agnlrvcCAwEAAQ==\n-----END PUBLIC KEY-----\n",
            "rsa_bits": 4096
          },
          "sensitive_attributes": [
            [
              {
                "type": "get_attr",
                "value": "private_key_openssh"
              }
            ],
            [
              {
                "type": "get_attr",
                "value": "private_key_pem"
              }
            ],
            [
              {
                "type": "get_attr",
                "value": "private_key_pem_pkcs8"
              }
            ]
          ],
          "identity_schema_version": 0
        }
      ]
    }
  ],
  "check_results": null
}
