{
  "version": 4,
  "terraform_version": "1.13.4",
  "serial": 7,
  "lineage": "b15da08a-37df-2aa5-fc3a-0d67d95b7650",
  "outputs": {
    "aws_account_id": {
      "value": "197710836519",
      "type": "string"
    },
    "ec2_public_ip": {
      "value": "13.60.217.133",
      "type": "string"
    }
  },
  "resources": [
    {
      "mode": "data",
      "type": "aws_ami",
      "name": "amazon_linux",
      "provider": "provider[\"registry.terraform.io/hashicorp/aws\"]",
      "instances": [
        {
          "schema_version": 0,
          "attributes": {
            "allow_unsafe_filter": null,
            "architecture": "x86_64",
            "arn": "arn:aws:ec2:eu-north-1::image/ami-0aadcf405dcb7d041",
            "block_device_mappings": [
              {
                "device_name": "/dev/xvda",
                "ebs": {
                  "delete_on_termination": "true",
                  "encrypted": "false",
                  "iops": "0",
                  "snapshot_id": "snap-09f5e078aa6adf217",
                  "throughput": "0",
                  "volume_initialization_rate": "0",
                  "volume_size": "8",
                  "volume_type": "gp2"
                },
                "no_device": "",
                "virtual_name": ""
              }
            ],
            "boot_mode": "",
            "creation_date": "2025-10-08T20:30:25.000Z",
            "deprecation_time": "2026-01-06T00:00:00.000Z",
            "description": "Amazon Linux 2 AMI 2.0.20251014.0 x86_64 HVM gp2",
            "ena_support": true,
            "executable_users": null,
            "filter": [
              {
                "name": "architecture",
                "values": [
                  "x86_64"
                ]
              },
              {
                "name": "name",
                "values": [
                  "amzn2-ami-hvm-*-x86_64-gp2"
                ]
              },
              {
                "name": "virtualization-type",
                "values": [
                  "hvm"
                ]
              }
            ],
            "hypervisor": "xen",
            "id": "ami-0aadcf405dcb7d041",
            "image_id": "ami-0aadcf405dcb7d041",
            "image_location": "amazon/amzn2-ami-hvm-2.0.20251014.0-x86_64-gp2",
            "image_owner_alias": "amazon",
            "image_type": "machine",
            "imds_support": "",
            "include_deprecated": false,
            "kernel_id": "",
            "last_launched_time": "",
            "most_recent": true,
            "name": "amzn2-ami-hvm-2.0.20251014.0-x86_64-gp2",
            "name_regex": null,
            "owner_id": "137112412989",
            "owners": [
              "amazon"
            ],
            "platform": "",
            "platform_details": "Linux/UNIX",
            "product_codes": [],
            "public": true,
            "ramdisk_id": "",
            "region": "eu-north-1",
            "root_device_name": "/dev/xvda",
            "root_device_type": "ebs",
            "root_snapshot_id": "snap-09f5e078aa6adf217",
            "sriov_net_support": "simple",
            "state": "available",
            "state_reason": {
              "code": "UNSET",
              "message": "UNSET"
            },
            "tags": {},
            "timeouts": null,
            "tpm_support": "",
            "uefi_data": null,
            "usage_operation": "RunInstances",
            "virtualization_type": "hvm"
          },
          "sensitive_attributes": [],
          "identity_schema_version": 0
        }
      ]
    },
    {
      "mode": "data",
      "type": "aws_caller_identity",
      "name": "current",
      "provider": "provider[\"registry.terraform.io/hashicorp/aws\"]",
      "instances": [
        {
          "schema_version": 0,
          "attributes": {
            "account_id": "197710836519",
            "arn": "arn:aws:sts::197710836519:assumed-role/AWSReservedSSO_AdministratorAccess_7f3474005899ac5f/MisaelToxcatlHernandezRomero",
            "id": "197710836519",
            "user_id": "AROAS4CD36MT4HH6WYQYC:MisaelToxcatlHernandezRomero"
          },
          "sensitive_attributes": [],
          "identity_schema_version": 0
        }
      ]
    },
    {
      "mode": "data",
      "type": "aws_subnets",
      "name": "default",
      "provider": "provider[\"registry.terraform.io/hashicorp/aws\"]",
      "instances": [
        {
          "schema_version": 0,
          "attributes": {
            "filter": [
              {
                "name": "vpc-id",
                "values": [
                  "vpc-06689907dd89a93e8"
                ]
              }
            ],
            "id": "eu-north-1",
            "ids": [
              "subnet-09cd5cb8c63ffd314"
            ],
            "region": "eu-north-1",
            "tags": null,
            "timeouts": null
          },
          "sensitive_attributes": [],
          "identity_schema_version": 0
        }
      ]
    },
    {
      "mode": "data",
      "type": "aws_vpc",
      "name": "default",
      "provider": "provider[\"registry.terraform.io/hashicorp/aws\"]",
      "instances": [
        {
          "schema_version": 0,
          "attributes": {
            "arn": "arn:aws:ec2:eu-north-1:197710836519:vpc/vpc-06689907dd89a93e8",
            "cidr_block": "172.31.0.0/16",
            "cidr_block_associations": [
              {
                "association_id": "vpc-cidr-assoc-055eeeffd0e46789f",
                "cidr_block": "172.31.0.0/16",
                "state": "associated"
              }
            ],
            "default": true,
            "dhcp_options_id": "dopt-06f706cbdeb298dae",
            "enable_dns_hostnames": true,
            "enable_dns_support": true,
            "enable_network_address_usage_metrics": false,
            "filter": null,
            "id": "vpc-06689907dd89a93e8",
            "instance_tenancy": "default",
            "ipv6_association_id": "",
            "ipv6_cidr_block": "",
            "main_route_table_id": "rtb-02dcab96766b93602",
            "owner_id": "197710836519",
            "region": "eu-north-1",
            "state": null,
            "tags": {},
            "timeouts": null
          },
          "sensitive_attributes": [],
          "identity_schema_version": 0
        }
      ]
    },
    {
      "mode": "managed",
      "type": "aws_instance",
      "name": "web",
      "provider": "provider[\"registry.terraform.io/hashicorp/aws\"]",
      "instances": [
        {
          "schema_version": 2,
          "attributes": {
            "ami": "ami-0aadcf405dcb7d041",
            "arn": "arn:aws:ec2:eu-north-1:197710836519:instance/i-0f52ac035b4863df0",
            "associate_public_ip_address": true,
            "availability_zone": "eu-north-1b",
            "capacity_reservation_specification": [
              {
                "capacity_reservation_preference": "open",
                "capacity_reservation_target": []
              }
            ],
            "cpu_options": [
              {
                "amd_sev_snp": "",
                "core_count": 1,
                "threads_per_core": 2
              }
            ],
            "credit_specification": [
              {
                "cpu_credits": "unlimited"
              }
            ],
            "disable_api_stop": false,
            "disable_api_termination": false,
            "ebs_block_device": [],
            "ebs_optimized": false,
            "enable_primary_ipv6": null,
            "enclave_options": [
              {
                "enabled": false
              }
            ],
            "ephemeral_block_device": [],
            "force_destroy": false,
            "get_password_data": false,
            "hibernation": false,
            "host_id": "",
            "host_resource_group_arn": null,
            "iam_instance_profile": "",
            "id": "i-0f52ac035b4863df0",
            "instance_initiated_shutdown_behavior": "stop",
            "instance_lifecycle": "",
            "instance_market_options": [],
            "instance_state": "running",
            "instance_type": "t3.micro",
            "ipv6_address_count": 0,
            "ipv6_addresses": [],
            "key_name": "grocerymate-v2-key",
            "launch_template": [],
            "maintenance_options": [
              {
                "auto_recovery": "default"
              }
            ],
            "metadata_options": [
              {
                "http_endpoint": "enabled",
                "http_protocol_ipv6": "disabled",
                "http_put_response_hop_limit": 1,
                "http_tokens": "optional",
                "instance_metadata_tags": "disabled"
              }
            ],
            "monitoring": false,
            "network_interface": [],
            "outpost_arn": "",
            "password_data": "",
            "placement_group": "",
            "placement_group_id": "",
            "placement_partition_number": 0,
            "primary_network_interface": [
              {
                "delete_on_termination": true,
                "network_interface_id": "eni-097b9578dea016195"
              }
            ],
            "primary_network_interface_id": "eni-097b9578dea016195",
            "private_dns": "ip-172-31-48-20.eu-north-1.compute.internal",
            "private_dns_name_options": [
              {
                "enable_resource_name_dns_a_record": false,
                "enable_resource_name_dns_aaaa_record": false,
                "hostname_type": "ip-name"
              }
            ],
            "private_ip": "172.31.48.20",
            "public_dns": "ec2-13-60-217-133.eu-north-1.compute.amazonaws.com",
            "public_ip": "13.60.217.133",
            "region": "eu-north-1",
            "root_block_device": [
              {
                "delete_on_termination": true,
                "device_name": "/dev/xvda",
                "encrypted": false,
                "iops": 100,
                "kms_key_id": "",
                "tags": {},
                "tags_all": {},
                "throughput": 0,
                "volume_id": "vol-020916ae914e779ac",
                "volume_size": 8,
                "volume_type": "gp2"
              }
            ],
            "secondary_private_ips": [],
            "security_groups": [
              "grocerymate-v2-sg"
            ],
            "source_dest_check": true,
            "spot_instance_request_id": "",
            "subnet_id": "subnet-09cd5cb8c63ffd314",
            "tags": {
              "Name": "grocerymate-v2-ec2"
            },
            "tags_all": {
              "Name": "grocerymate-v2-ec2"
            },
            "tenancy": "default",
            "timeouts": null,
            "user_data": "#!/bin/bash\n# === User Data Script for GroceryMate EC2 (by MisaelTox) ===\n\n# Actualizar el sistema\napt update -y\napt upgrade -y\n\n# Instalar dependencias\napt install -y git docker.io\nsystemctl enable docker\nsystemctl start docker\n\n# Clonar repositorio (versión limpia)\ncd /home/ubuntu\ngit clone https://github.com/MisaelTox/AWS_grocery_v2.git\ncd AWS_grocery_v2\n\n# Construir y ejecutar el contenedor con Docker\ndocker build -t grocerymate .\ndocker run -d -p 80:80 grocerymate\n\n# Guardar un registro de la instalación\necho \"GroceryMate v2 (by MisaelTox) deployed successfully\" \u003e /home/ubuntu/deploy.log\nrepo\n",
            "user_data_base64": null,
            "user_data_replace_on_change": false,
            "volume_tags": null,
            "vpc_security_group_ids": [
              "sg-0166a11659131fcf7"
            ]
          },
          "sensitive_attributes": [],
          "identity_schema_version": 0,
          "identity": {
            "account_id": "197710836519",
            "id": "i-0f52ac035b4863df0",
            "region": "eu-north-1"
          },
          "private": "eyJlMmJmYjczMC1lY2FhLTExZTYtOGY4OC0zNDM2M2JjN2M0YzAiOnsiY3JlYXRlIjo2MDAwMDAwMDAwMDAsImRlbGV0ZSI6MTIwMDAwMDAwMDAwMCwicmVhZCI6OTAwMDAwMDAwMDAwLCJ1cGRhdGUiOjYwMDAwMDAwMDAwMH0sInNjaGVtYV92ZXJzaW9uIjoiMiJ9",
          "dependencies": [
            "aws_key_pair.main",
            "aws_security_group.web_sg",
            "data.aws_ami.amazon_linux",
            "data.aws_subnets.default",
            "data.aws_vpc.default"
          ]
        }
      ]
    },
    {
      "mode": "managed",
      "type": "aws_key_pair",
      "name": "main",
      "provider": "provider[\"registry.terraform.io/hashicorp/aws\"]",
      "instances": [
        {
          "schema_version": 1,
          "attributes": {
            "arn": "arn:aws:ec2:eu-north-1:197710836519:key-pair/grocerymate-v2-key",
            "fingerprint": "28:b9:28:b5:76:2f:40:7a:11:50:c6:d2:1c:47:64:7a",
            "id": "grocerymate-v2-key",
            "key_name": "grocerymate-v2-key",
            "key_name_prefix": "",
            "key_pair_id": "key-067970ddcfa3a7483",
            "key_type": "rsa",
            "public_key": "ssh-rsa AAAAB3NzaC1yc2EAAAADAQABAAACAQC/0Fk84p9zOPRDwcxx85+MiIFGMiB/fhq/oYISC6EBNvX5djk2tJGc6ub+UJHZIXBZtidnpW85XfiHzygZbp4VHTJy3EGawi5J8huDTYV47zgA/obdZLm1Xd2gxhTc0t+mD5RS9GWwi4uo0cjpUOVB+2O5QJKpFNF40Q4cdJERYYvRAHftA1dQ2zVC+4chDWH8z2MUtLQhHN4tX1CkQTX3F7DX6BzUESxEe0/g0u3P4OP1TfJwLkFXRmTtfI1kB8NE2avMk1dRrtJSwtnpvN3RBTLz+z3lz/A+WUVgqUPeI2uHz+AUIbkAsjIk02gJQ2U4JxnsXbl0/4i6XcTc+jbcJajeke0gSvTL+JmsvbdUXu95qQKrpzGUs23YUS+hTn0T1w5qA7+rDC5WqelY9pYaTHKvX/j1sXyEd0olBOs52xfD1BDsypLPFE6+XvTE1YytsM7EgzkZmEZ8gXXqhT+nUp8yNFpTMnbOu8QqVuX5p4nduSDQppkNJO3ATUPnW52d64POtawUUn+N12XcHToCJuiMpGXRFJnizLleiqrdEQNnf22GfB3lTL2z80kWz83E2WBpou7i7Q7t/H/QleIsH0JgtvCZWxXXHp7JrKfM980ke0nkJShXyPJXZpjWQ6PYlEfxRvbkHMWcW/q9X/nGsYvi1OgcRr8brJSm/64s3Q== tox@MacBook-Air-de-Toxcatl.local",
            "region": "eu-north-1",
            "tags": {},
            "tags_all": {}
          },
          "sensitive_attributes": [],
          "identity_schema_version": 0,
          "private": "eyJzY2hlbWFfdmVyc2lvbiI6IjEifQ=="
        }
      ]
    },
    {
      "mode": "managed",
      "type": "aws_security_group",
      "name": "web_sg",
      "provider": "provider[\"registry.terraform.io/hashicorp/aws\"]",
      "instances": [
        {
          "schema_version": 1,
          "attributes": {
            "arn": "arn:aws:ec2:eu-north-1:197710836519:security-group/sg-0166a11659131fcf7",
            "description": "Allow SSH and HTTP inbound traffic",
            "egress": [
              {
                "cidr_blocks": [
                  "0.0.0.0/0"
                ],
                "description": "",
                "from_port": 0,
                "ipv6_cidr_blocks": [],
                "prefix_list_ids": [],
                "protocol": "-1",
                "security_groups": [],
                "self": false,
                "to_port": 0
              }
            ],
            "id": "sg-0166a11659131fcf7",
            "ingress": [
              {
                "cidr_blocks": [
                  "0.0.0.0/0"
                ],
                "description": "HTTP",
                "from_port": 80,
                "ipv6_cidr_blocks": [],
                "prefix_list_ids": [],
                "protocol": "tcp",
                "security_groups": [],
                "self": false,
                "to_port": 80
              },
              {
                "cidr_blocks": [
                  "0.0.0.0/0"
                ],
                "description": "SSH",
                "from_port": 22,
                "ipv6_cidr_blocks": [],
                "prefix_list_ids": [],
                "protocol": "tcp",
                "security_groups": [],
                "self": false,
                "to_port": 22
              }
            ],
            "name": "grocerymate-v2-sg",
            "name_prefix": "",
            "owner_id": "197710836519",
            "region": "eu-north-1",
            "revoke_rules_on_delete": false,
            "tags": {
              "Name": "grocerymate-v2-sg"
            },
            "tags_all": {
              "Name": "grocerymate-v2-sg"
            },
            "timeouts": null,
            "vpc_id": "vpc-06689907dd89a93e8"
          },
          "sensitive_attributes": [],
          "identity_schema_version": 0,
          "identity": {
            "account_id": "197710836519",
            "id": "sg-0166a11659131fcf7",
            "region": "eu-north-1"
          },
          "private": "eyJlMmJmYjczMC1lY2FhLTExZTYtOGY4OC0zNDM2M2JjN2M0YzAiOnsiY3JlYXRlIjo2MDAwMDAwMDAwMDAsImRlbGV0ZSI6OTAwMDAwMDAwMDAwfSwic2NoZW1hX3ZlcnNpb24iOiIxIn0=",
          "dependencies": [
            "data.aws_vpc.default"
          ]
        }
      ]
    }
  ],
  "check_results": null
}
